
Microsoft Visual Studio Solution File, Format Version 12.00
# Visual Studio Version 17
VisualStudioVersion = 17.7.34018.315
MinimumVisualStudioVersion = 10.0.40219.1
Project("{8BC9CEB8-8B4A-11D0-8D11-00A0C91BC942}") = "SENG_WIN", "SENG_WIN\SENG_WIN.vcxproj", "{7D9EE711-C22D-4B06-8C0E-FD20B4BC8DA5}"
EndProject
Project("{8BC9CEB8-8B4A-11D0-8D11-00A0C91BC942}") = "Sandbox_WIN", "Sandbox_WIN\Sandbox_WIN.vcxproj", "{3F6AE88B-B230-4186-B81F-B169E50B3D8C}"
EndProject
Project("{888888A0-9F3D-457C-B088-3A5042F75D52}") = "GamePacker", "GamePacker\GamePacker.pyproj", "{D4AD2406-2259-49B2-8AB6-3AFEBB29B001}"
EndProject
Project("{8BC9CEB8-8B4A-11D0-8D11-00A0C91BC942}") = "SceneComposer", "SceneComposer\SceneComposer.vcxproj", "{5F93066A-5F93-49CF-B66D-8C95F8C2702E}"
EndProject
Project("{8BC9CEB8-8B4A-11D0-8D11-00A0C91BC942}") = "CUDA Acellerator", "CUDA Acellerator\CUDA Acellerator.vcxproj", "{E6D54F51-69C0-4B1B-B4A9-B5ABE891E5D3}"
EndProject
Global
	GlobalSection(SolutionConfigurationPlatforms) = preSolution
		Debug|x64 = Debug|x64
		Debug|x86 = Debug|x86
		Release|x64 = Release|x64
		Release|x86 = Release|x86
		Rel-With-CUDA|x64 = Rel-With-CUDA|x64
		Rel-With-CUDA|x86 = Rel-With-CUDA|x86
	EndGlobalSection
	GlobalSection(ProjectConfigurationPlatforms) = postSolution
		{7D9EE711-C22D-4B06-8C0E-FD20B4BC8DA5}.Debug|x64.ActiveCfg = Debug|x64
		{7D9EE711-C22D-4B06-8C0E-FD20B4BC8DA5}.Debug|x64.Build.0 = Debug|x64
		{7D9EE711-C22D-4B06-8C0E-FD20B4BC8DA5}.Debug|x86.ActiveCfg = Debug|Win32
		{7D9EE711-C22D-4B06-8C0E-FD20B4BC8DA5}.Debug|x86.Build.0 = Debug|Win32
		{7D9EE711-C22D-4B06-8C0E-FD20B4BC8DA5}.Release|x64.ActiveCfg = Release|x64
		{7D9EE711-C22D-4B06-8C0E-FD20B4BC8DA5}.Release|x64.Build.0 = Release|x64
		{7D9EE711-C22D-4B06-8C0E-FD20B4BC8DA5}.Release|x86.ActiveCfg = Release|Win32
		{7D9EE711-C22D-4B06-8C0E-FD20B4BC8DA5}.Release|x86.Build.0 = Release|Win32
		{7D9EE711-C22D-4B06-8C0E-FD20B4BC8DA5}.Rel-With-CUDA|x64.ActiveCfg = Rel-With-CUDA|x64
		{7D9EE711-C22D-4B06-8C0E-FD20B4BC8DA5}.Rel-With-CUDA|x64.Build.0 = Rel-With-CUDA|x64
		{7D9EE711-C22D-4B06-8C0E-FD20B4BC8DA5}.Rel-With-CUDA|x86.ActiveCfg = Rel-With-CUDA|Win32
		{7D9EE711-C22D-4B06-8C0E-FD20B4BC8DA5}.Rel-With-CUDA|x86.Build.0 = Rel-With-CUDA|Win32
		{3F6AE88B-B230-4186-B81F-B169E50B3D8C}.Debug|x64.ActiveCfg = Debug|x64
		{3F6AE88B-B230-4186-B81F-B169E50B3D8C}.Debug|x64.Build.0 = Debug|x64
		{3F6AE88B-B230-4186-B81F-B169E50B3D8C}.Debug|x86.ActiveCfg = Debug|Win32
		{3F6AE88B-B230-4186-B81F-B169E50B3D8C}.Debug|x86.Build.0 = Debug|Win32
		{3F6AE88B-B230-4186-B81F-B169E50B3D8C}.Release|x64.ActiveCfg = Release|x64
		{3F6AE88B-B230-4186-B81F-B169E50B3D8C}.Release|x64.Build.0 = Release|x64
		{3F6AE88B-B230-4186-B81F-B169E50B3D8C}.Release|x86.ActiveCfg = Release|Win32
		{3F6AE88B-B230-4186-B81F-B169E50B3D8C}.Release|x86.Build.0 = Release|Win32
		{3F6AE88B-B230-4186-B81F-B169E50B3D8C}.Rel-With-CUDA|x64.ActiveCfg = Rel-With-CUDA|x64
		{3F6AE88B-B230-4186-B81F-B169E50B3D8C}.Rel-With-CUDA|x64.Build.0 = Rel-With-CUDA|x64
		{3F6AE88B-B230-4186-B81F-B169E50B3D8C}.Rel-With-CUDA|x86.ActiveCfg = Rel-With-CUDA|Win32
		{3F6AE88B-B230-4186-B81F-B169E50B3D8C}.Rel-With-CUDA|x86.Build.0 = Rel-With-CUDA|Win32
		{D4AD2406-2259-49B2-8AB6-3AFEBB29B001}.Debug|x64.ActiveCfg = Debug|Any CPU
		{D4AD2406-2259-49B2-8AB6-3AFEBB29B001}.Debug|x86.ActiveCfg = Debug|Any CPU
		{D4AD2406-2259-49B2-8AB6-3AFEBB29B001}.Release|x64.ActiveCfg = Release|Any CPU
		{D4AD2406-2259-49B2-8AB6-3AFEBB29B001}.Release|x86.ActiveCfg = Release|Any CPU
		{D4AD2406-2259-49B2-8AB6-3AFEBB29B001}.Rel-With-CUDA|x64.ActiveCfg = Rel-With-CUDA|Any CPU
		{D4AD2406-2259-49B2-8AB6-3AFEBB29B001}.Rel-With-CUDA|x86.ActiveCfg = Rel-With-CUDA|Any CPU
		{5F93066A-5F93-49CF-B66D-8C95F8C2702E}.Debug|x64.ActiveCfg = Debug|x64
		{5F93066A-5F93-49CF-B66D-8C95F8C2702E}.Debug|x64.Build.0 = Debug|x64
		{5F93066A-5F93-49CF-B66D-8C95F8C2702E}.Debug|x86.ActiveCfg = Debug|Win32
		{5F93066A-5F93-49CF-B66D-8C95F8C2702E}.Debug|x86.Build.0 = Debug|Win32
		{5F93066A-5F93-49CF-B66D-8C95F8C2702E}.Release|x64.ActiveCfg = Release|x64
		{5F93066A-5F93-49CF-B66D-8C95F8C2702E}.Release|x64.Build.0 = Release|x64
		{5F93066A-5F93-49CF-B66D-8C95F8C2702E}.Release|x86.ActiveCfg = Release|Win32
		{5F93066A-5F93-49CF-B66D-8C95F8C2702E}.Release|x86.Build.0 = Release|Win32
		{5F93066A-5F93-49CF-B66D-8C95F8C2702E}.Rel-With-CUDA|x64.ActiveCfg = Rel-With-CUDA|x64
		{5F93066A-5F93-49CF-B66D-8C95F8C2702E}.Rel-With-CUDA|x64.Build.0 = Rel-With-CUDA|x64
		{5F93066A-5F93-49CF-B66D-8C95F8C2702E}.Rel-With-CUDA|x86.ActiveCfg = Rel-With-CUDA|Win32
		{5F93066A-5F93-49CF-B66D-8C95F8C2702E}.Rel-With-CUDA|x86.Build.0 = Rel-With-CUDA|Win32
		{E6D54F51-69C0-4B1B-B4A9-B5ABE891E5D3}.Debug|x64.ActiveCfg = Debug|x64
		{E6D54F51-69C0-4B1B-B4A9-B5ABE891E5D3}.Debug|x64.Build.0 = Debug|x64
		{E6D54F51-69C0-4B1B-B4A9-B5ABE891E5D3}.Debug|x86.ActiveCfg = Debug|x64
		{E6D54F51-69C0-4B1B-B4A9-B5ABE891E5D3}.Debug|x86.Build.0 = Debug|x64
		{E6D54F51-69C0-4B1B-B4A9-B5ABE891E5D3}.Release|x64.ActiveCfg = Release|x64
		{E6D54F51-69C0-4B1B-B4A9-B5ABE891E5D3}.Release|x64.Build.0 = Release|x64
		{E6D54F51-69C0-4B1B-B4A9-B5ABE891E5D3}.Release|x86.ActiveCfg = Release|x64
		{E6D54F51-69C0-4B1B-B4A9-B5ABE891E5D3}.Release|x86.Build.0 = Release|x64
		{E6D54F51-69C0-4B1B-B4A9-B5ABE891E5D3}.Rel-With-CUDA|x64.ActiveCfg = Rel-With-CUDA|x64
		{E6D54F51-69C0-4B1B-B4A9-B5ABE891E5D3}.Rel-With-CUDA|x64.Build.0 = Rel-With-CUDA|x64
		{E6D54F51-69C0-4B1B-B4A9-B5ABE891E5D3}.Rel-With-CUDA|x86.ActiveCfg = Rel-With-CUDA|x64
		{E6D54F51-69C0-4B1B-B4A9-B5ABE891E5D3}.Rel-With-CUDA|x86.Build.0 = Rel-With-CUDA|x64
	EndGlobalSection
	GlobalSection(SolutionProperties) = preSolution
		HideSolutionNode = FALSE
	EndGlobalSection
	GlobalSection(ExtensibilityGlobals) = postSolution
		SolutionGuid = {A3FE78A5-5DF0-4A51-87E0-9A49A7CE2D46}
	EndGlobalSection
EndGlobal
