<?xml version="1.0" encoding="utf-8"?>
<Project ToolsVersion="4.0" xmlns="http://schemas.microsoft.com/developer/msbuild/2003">
  <ItemGroup>
    <Filter Include="Pliki źródłowe">
      <UniqueIdentifier>{4FC737F1-C7A5-4376-A066-2A32D752A2FF}</UniqueIdentifier>
      <Extensions>cpp;c;cc;cxx;c++;cppm;ixx;def;odl;idl;hpj;bat;asm;asmx</Extensions>
    </Filter>
    <Filter Include="Pliki zasobów">
      <UniqueIdentifier>{67DA6AB6-F800-4c08-8B7A-83BB121AAD01}</UniqueIdentifier>
      <Extensions>rc;ico;cur;bmp;dlg;rc2;rct;bin;rgs;gif;jpg;jpeg;jpe;resx;tiff;tif;png;wav;mfcribbon-ms</Extensions>
    </Filter>
    <Filter Include="Pliki nagłówkowe">
      <UniqueIdentifier>{93995380-89BD-4b04-88EB-625FBE52EBFB}</UniqueIdentifier>
      <Extensions>h;hh;hpp;hxx;h++;hm;inl;inc;ipp;xsd</Extensions>
    </Filter>
    <Filter Include="Pliki zasobów\Shader">
      <UniqueIdentifier>{1eba49c5-24dc-439f-a5ea-067205065b02}</UniqueIdentifier>
    </Filter>
    <Filter Include="Pliki zasobów\configs">
      <UniqueIdentifier>{d40fd7c7-1114-4d0e-846f-43d6f1e9f1f2}</UniqueIdentifier>
    </Filter>
    <Filter Include="Pliki zasobów\Meshes">
      <UniqueIdentifier>{b970ebaa-6d1d-44e5-bd4e-d98d3e19f8fe}</UniqueIdentifier>
    </Filter>
  </ItemGroup>
  <ItemGroup>
    <ClCompile Include="Sandbox.cpp">
      <Filter>Pliki źródłowe</Filter>
    </ClCompile>
  </ItemGroup>
  <ItemGroup>
    <None Include="Assets\DefaultShader.frag">
      <Filter>Pliki zasobów\Shader</Filter>
    </None>
    <None Include="Assets\DefaultShader.vert">
      <Filter>Pliki zasobów\Shader</Filter>
    </None>
    <None Include="gameconf.ini">
      <Filter>Pliki zasobów\configs</Filter>
    </None>
    <None Include="Assets\ColorShader.frag">
      <Filter>Pliki zasobów\Shader</Filter>
    </None>
    <None Include="Assets\TransformShader.vert">
      <Filter>Pliki zasobów\Shader</Filter>
    </None>
    <None Include="Assets\TextureShader.frag">
      <Filter>Pliki zasobów\Shader</Filter>
    </None>
    <None Include="Assets\UiShader.frag">
      <Filter>Pliki zasobów\Shader</Filter>
    </None>
    <None Include="Assets\UiShader.vert">
      <Filter>Pliki zasobów\Shader</Filter>
    </None>
    <None Include="Assets\ColorShaderY.frag">
      <Filter>Pliki zasobów\Shader</Filter>
    </None>
  </ItemGroup>
</Project>